
Microsoft Visual Studio Solution File, Format Version 12.00
# Visual Studio Version 17
VisualStudioVersion = 17.4.33213.308
MinimumVisualStudioVersion = 10.0.40219.1
Project("{2150E333-8FDC-42A3-9474-1A3956D46DE8}") = "BehavioralPatterns.Strategy", "BehavioralPatterns.Strategy", "{0F6A2741-24C8-495D-833A-9C687544A515}"
EndProject
Project("{FAE04EC0-301F-11D3-BF4B-00C04F79EFBC}") = "BehavioralPatterns.Strategy", "BehavioralPatterns.Strategy\BehavioralPatterns.Strategy.csproj", "{5E1DA448-DAD3-4BA1-8551-FAF4F157C2DE}"
EndProject
Project("{2150E333-8FDC-42A3-9474-1A3956D46DE8}") = "BehavioralPatterns.Command", "BehavioralPatterns.Command", "{75842B5C-7963-443E-9FB4-E82E2BF1351F}"
EndProject
Project("{FAE04EC0-301F-11D3-BF4B-00C04F79EFBC}") = "BehavioralPatterns.Command", "BehavioralPatterns.Command\BehavioralPatterns.Command.csproj", "{2F77069D-2904-4E61-BD9B-A405B8CB51EB}"
EndProject
Global
	GlobalSection(SolutionConfigurationPlatforms) = preSolution
		Debug|Any CPU = Debug|Any CPU
		Release|Any CPU = Release|Any CPU
	EndGlobalSection
	GlobalSection(ProjectConfigurationPlatforms) = postSolution
		{5E1DA448-DAD3-4BA1-8551-FAF4F157C2DE}.Debug|Any CPU.ActiveCfg = Debug|Any CPU
		{5E1DA448-DAD3-4BA1-8551-FAF4F157C2DE}.Debug|Any CPU.Build.0 = Debug|Any CPU
		{5E1DA448-DAD3-4BA1-8551-FAF4F157C2DE}.Release|Any CPU.ActiveCfg = Release|Any CPU
		{5E1DA448-DAD3-4BA1-8551-FAF4F157C2DE}.Release|Any CPU.Build.0 = Release|Any CPU
		{2F77069D-2904-4E61-BD9B-A405B8CB51EB}.Debug|Any CPU.ActiveCfg = Debug|Any CPU
		{2F77069D-2904-4E61-BD9B-A405B8CB51EB}.Debug|Any CPU.Build.0 = Debug|Any CPU
		{2F77069D-2904-4E61-BD9B-A405B8CB51EB}.Release|Any CPU.ActiveCfg = Release|Any CPU
		{2F77069D-2904-4E61-BD9B-A405B8CB51EB}.Release|Any CPU.Build.0 = Release|Any CPU
	EndGlobalSection
	GlobalSection(SolutionProperties) = preSolution
		HideSolutionNode = FALSE
	EndGlobalSection
	GlobalSection(NestedProjects) = preSolution
		{5E1DA448-DAD3-4BA1-8551-FAF4F157C2DE} = {0F6A2741-24C8-495D-833A-9C687544A515}
		{2F77069D-2904-4E61-BD9B-A405B8CB51EB} = {75842B5C-7963-443E-9FB4-E82E2BF1351F}
	EndGlobalSection
	GlobalSection(ExtensibilityGlobals) = postSolution
		SolutionGuid = {1B534D08-BE18-431A-8056-300C4E2478C5}
	EndGlobalSection
EndGlobal
